
Microsoft Visual Studio Solution File, Format Version 12.00
# Visual Studio Version 17
VisualStudioVersion = 17.11.35219.272
MinimumVisualStudioVersion = 10.0.40219.1
Project("{9A19103F-16F7-4668-BE54-9A1E7A4F7556}") = "FortranDriverCS", "FortranDriverCS\FortranDriverCS.csproj", "{EDB0DA04-D519-4F54-80B4-1EB14E76C6D4}"
	ProjectSection(ProjectDependencies) = postProject
		{B3D07F9F-DD7B-4491-B011-823069741E33} = {B3D07F9F-DD7B-4491-B011-823069741E33}
	EndProjectSection
EndProject
Project("{6989167D-11E4-40FE-8C1A-2192A86A7E90}") = "FortranDriverDLL", "FortranDriverDLL\FortranDriverDLL.vfproj", "{B3D07F9F-DD7B-4491-B011-823069741E33}"
EndProject
Global
	GlobalSection(SolutionConfigurationPlatforms) = preSolution
		Debug|Any CPU = Debug|Any CPU
		Debug|x64 = Debug|x64
		Debug|x86 = Debug|x86
		Release|Any CPU = Release|Any CPU
		Release|x64 = Release|x64
		Release|x86 = Release|x86
	EndGlobalSection
	GlobalSection(ProjectConfigurationPlatforms) = postSolution
		{EDB0DA04-D519-4F54-80B4-1EB14E76C6D4}.Debug|Any CPU.ActiveCfg = Debug|Any CPU
		{EDB0DA04-D519-4F54-80B4-1EB14E76C6D4}.Debug|Any CPU.Build.0 = Debug|Any CPU
		{EDB0DA04-D519-4F54-80B4-1EB14E76C6D4}.Debug|x64.ActiveCfg = Debug|Any CPU
		{EDB0DA04-D519-4F54-80B4-1EB14E76C6D4}.Debug|x64.Build.0 = Debug|Any CPU
		{EDB0DA04-D519-4F54-80B4-1EB14E76C6D4}.Debug|x86.ActiveCfg = Debug|Any CPU
		{EDB0DA04-D519-4F54-80B4-1EB14E76C6D4}.Debug|x86.Build.0 = Debug|Any CPU
		{EDB0DA04-D519-4F54-80B4-1EB14E76C6D4}.Release|Any CPU.ActiveCfg = Release|Any CPU
		{EDB0DA04-D519-4F54-80B4-1EB14E76C6D4}.Release|Any CPU.Build.0 = Release|Any CPU
		{EDB0DA04-D519-4F54-80B4-1EB14E76C6D4}.Release|x64.ActiveCfg = Release|Any CPU
		{EDB0DA04-D519-4F54-80B4-1EB14E76C6D4}.Release|x64.Build.0 = Release|Any CPU
		{EDB0DA04-D519-4F54-80B4-1EB14E76C6D4}.Release|x86.ActiveCfg = Release|Any CPU
		{EDB0DA04-D519-4F54-80B4-1EB14E76C6D4}.Release|x86.Build.0 = Release|Any CPU
		{B3D07F9F-DD7B-4491-B011-823069741E33}.Debug|Any CPU.ActiveCfg = Debug|x64
		{B3D07F9F-DD7B-4491-B011-823069741E33}.Debug|Any CPU.Build.0 = Debug|x64
		{B3D07F9F-DD7B-4491-B011-823069741E33}.Debug|x64.ActiveCfg = Debug|x64
		{B3D07F9F-DD7B-4491-B011-823069741E33}.Debug|x64.Build.0 = Debug|x64
		{B3D07F9F-DD7B-4491-B011-823069741E33}.Debug|x86.ActiveCfg = Debug|Win32
		{B3D07F9F-DD7B-4491-B011-823069741E33}.Debug|x86.Build.0 = Debug|Win32
		{B3D07F9F-DD7B-4491-B011-823069741E33}.Release|Any CPU.ActiveCfg = Release|x64
		{B3D07F9F-DD7B-4491-B011-823069741E33}.Release|Any CPU.Build.0 = Release|x64
		{B3D07F9F-DD7B-4491-B011-823069741E33}.Release|x64.ActiveCfg = Release|x64
		{B3D07F9F-DD7B-4491-B011-823069741E33}.Release|x64.Build.0 = Release|x64
		{B3D07F9F-DD7B-4491-B011-823069741E33}.Release|x86.ActiveCfg = Release|Win32
		{B3D07F9F-DD7B-4491-B011-823069741E33}.Release|x86.Build.0 = Release|Win32
	EndGlobalSection
	GlobalSection(SolutionProperties) = preSolution
		HideSolutionNode = FALSE
	EndGlobalSection
	GlobalSection(ExtensibilityGlobals) = postSolution
		SolutionGuid = {E64D14C7-E21A-4EC2-B11E-71641DC36497}
	EndGlobalSection
EndGlobal
